
Microsoft Visual Studio Solution File, Format Version 12.00
# Visual Studio Version 16
VisualStudioVersion = 16.0.31005.135
MinimumVisualStudioVersion = 10.0.40219.1
Project("{9A19103F-16F7-4668-BE54-9A1E7A4F7556}") = "GrpcGreeter", "GrpcGreeter\GrpcGreeter.csproj", "{1B579A23-C188-4C6D-955A-D3A07BE20EBF}"
EndProject
Project("{9A19103F-16F7-4668-BE54-9A1E7A4F7556}") = "GrpcGreeterClient", "GrpcGreeterClient\GrpcGreeterClient.csproj", "{FCBA5D07-50A3-492C-A5AB-FE6D5A3CF9CC}"
EndProject
Global
	GlobalSection(SolutionConfigurationPlatforms) = preSolution
		Debug|Any CPU = Debug|Any CPU
		Release|Any CPU = Release|Any CPU
	EndGlobalSection
	GlobalSection(ProjectConfigurationPlatforms) = postSolution
		{1B579A23-C188-4C6D-955A-D3A07BE20EBF}.Debug|Any CPU.ActiveCfg = Debug|Any CPU
		{1B579A23-C188-4C6D-955A-D3A07BE20EBF}.Debug|Any CPU.Build.0 = Debug|Any CPU
		{1B579A23-C188-4C6D-955A-D3A07BE20EBF}.Release|Any CPU.ActiveCfg = Release|Any CPU
		{1B579A23-C188-4C6D-955A-D3A07BE20EBF}.Release|Any CPU.Build.0 = Release|Any CPU
		{FCBA5D07-50A3-492C-A5AB-FE6D5A3CF9CC}.Debug|Any CPU.ActiveCfg = Debug|Any CPU
		{FCBA5D07-50A3-492C-A5AB-FE6D5A3CF9CC}.Debug|Any CPU.Build.0 = Debug|Any CPU
		{FCBA5D07-50A3-492C-A5AB-FE6D5A3CF9CC}.Release|Any CPU.ActiveCfg = Release|Any CPU
		{FCBA5D07-50A3-492C-A5AB-FE6D5A3CF9CC}.Release|Any CPU.Build.0 = Release|Any CPU
	EndGlobalSection
	GlobalSection(SolutionProperties) = preSolution
		HideSolutionNode = FALSE
	EndGlobalSection
	GlobalSection(ExtensibilityGlobals) = postSolution
		SolutionGuid = {01EAC03B-A8AF-46A7-ACCD-ECF9ADB2F42E}
	EndGlobalSection
EndGlobal
